
Microsoft Visual Studio Solution File, Format Version 12.00
# Visual Studio Version 17
VisualStudioVersion = 17.12.35527.113 d17.12
MinimumVisualStudioVersion = 10.0.40219.1
Project("{8BC9CEB8-8B4A-11D0-8D11-00A0C91BC942}") = "LIS", "Chapter04_Until_Summation\Chapter04_Until_Summation.vcxproj", "{481A69A8-F1CD-4F61-8BAC-C4FF564EACAD}"
EndProject
Project("{8BC9CEB8-8B4A-11D0-8D11-00A0C91BC942}") = "LIS4", "LIS4\LIS4.vcxproj", "{7A858731-6A8F-4C3F-B4E7-A2EFA8DD6D7D}"
EndProject
Global
	GlobalSection(SolutionConfigurationPlatforms) = preSolution
		Debug|x64 = Debug|x64
		Debug|x86 = Debug|x86
		Release|x64 = Release|x64
		Release|x86 = Release|x86
	EndGlobalSection
	GlobalSection(ProjectConfigurationPlatforms) = postSolution
		{481A69A8-F1CD-4F61-8BAC-C4FF564EACAD}.Debug|x64.ActiveCfg = Debug|x64
		{481A69A8-F1CD-4F61-8BAC-C4FF564EACAD}.Debug|x64.Build.0 = Debug|x64
		{481A69A8-F1CD-4F61-8BAC-C4FF564EACAD}.Debug|x86.ActiveCfg = Debug|Win32
		{481A69A8-F1CD-4F61-8BAC-C4FF564EACAD}.Debug|x86.Build.0 = Debug|Win32
		{481A69A8-F1CD-4F61-8BAC-C4FF564EACAD}.Release|x64.ActiveCfg = Release|x64
		{481A69A8-F1CD-4F61-8BAC-C4FF564EACAD}.Release|x64.Build.0 = Release|x64
		{481A69A8-F1CD-4F61-8BAC-C4FF564EACAD}.Release|x86.ActiveCfg = Release|Win32
		{481A69A8-F1CD-4F61-8BAC-C4FF564EACAD}.Release|x86.Build.0 = Release|Win32
		{7A858731-6A8F-4C3F-B4E7-A2EFA8DD6D7D}.Debug|x64.ActiveCfg = Debug|x64
		{7A858731-6A8F-4C3F-B4E7-A2EFA8DD6D7D}.Debug|x64.Build.0 = Debug|x64
		{7A858731-6A8F-4C3F-B4E7-A2EFA8DD6D7D}.Debug|x86.ActiveCfg = Debug|Win32
		{7A858731-6A8F-4C3F-B4E7-A2EFA8DD6D7D}.Debug|x86.Build.0 = Debug|Win32
		{7A858731-6A8F-4C3F-B4E7-A2EFA8DD6D7D}.Release|x64.ActiveCfg = Release|x64
		{7A858731-6A8F-4C3F-B4E7-A2EFA8DD6D7D}.Release|x64.Build.0 = Release|x64
		{7A858731-6A8F-4C3F-B4E7-A2EFA8DD6D7D}.Release|x86.ActiveCfg = Release|Win32
		{7A858731-6A8F-4C3F-B4E7-A2EFA8DD6D7D}.Release|x86.Build.0 = Release|Win32
	EndGlobalSection
	GlobalSection(SolutionProperties) = preSolution
		HideSolutionNode = FALSE
	EndGlobalSection
EndGlobal
