
Microsoft Visual Studio Solution File, Format Version 12.00
# Visual Studio Version 17
VisualStudioVersion = 17.11.35222.181
MinimumVisualStudioVersion = 10.0.40219.1
Project("{8BC9CEB8-8B4A-11D0-8D11-00A0C91BC942}") = "GCD", "GCD\GCD.vcxproj", "{CF7629E2-888A-4A21-BB7E-FCD661F9760E}"
EndProject
Project("{8BC9CEB8-8B4A-11D0-8D11-00A0C91BC942}") = "hideandseek", "hideandseek\hideandseek.vcxproj", "{66EF4F0B-0692-4969-A025-B3F587F84341}"
EndProject
Project("{8BC9CEB8-8B4A-11D0-8D11-00A0C91BC942}") = "BinaryOctalTrans", "BinaryOctalTrans\BinaryOctalTrans.vcxproj", "{64D6ABD5-F944-456A-A50F-0CB8251BAEFC}"
EndProject
Project("{8BC9CEB8-8B4A-11D0-8D11-00A0C91BC942}") = "OctalBinaryTrans", "OctalBinaryTrans\OctalBinaryTrans.vcxproj", "{D093DE23-358D-4180-934B-8E50DFC65631}"
EndProject
Project("{8BC9CEB8-8B4A-11D0-8D11-00A0C91BC942}") = "MinusBinary", "MinusBinary\MinusBinary.vcxproj", "{B695D2C0-E291-4011-B588-28F14988FE7A}"
EndProject
Global
	GlobalSection(SolutionConfigurationPlatforms) = preSolution
		Debug|x64 = Debug|x64
		Debug|x86 = Debug|x86
		Release|x64 = Release|x64
		Release|x86 = Release|x86
	EndGlobalSection
	GlobalSection(ProjectConfigurationPlatforms) = postSolution
		{CF7629E2-888A-4A21-BB7E-FCD661F9760E}.Debug|x64.ActiveCfg = Debug|x64
		{CF7629E2-888A-4A21-BB7E-FCD661F9760E}.Debug|x64.Build.0 = Debug|x64
		{CF7629E2-888A-4A21-BB7E-FCD661F9760E}.Debug|x86.ActiveCfg = Debug|Win32
		{CF7629E2-888A-4A21-BB7E-FCD661F9760E}.Debug|x86.Build.0 = Debug|Win32
		{CF7629E2-888A-4A21-BB7E-FCD661F9760E}.Release|x64.ActiveCfg = Release|x64
		{CF7629E2-888A-4A21-BB7E-FCD661F9760E}.Release|x64.Build.0 = Release|x64
		{CF7629E2-888A-4A21-BB7E-FCD661F9760E}.Release|x86.ActiveCfg = Release|Win32
		{CF7629E2-888A-4A21-BB7E-FCD661F9760E}.Release|x86.Build.0 = Release|Win32
		{66EF4F0B-0692-4969-A025-B3F587F84341}.Debug|x64.ActiveCfg = Debug|x64
		{66EF4F0B-0692-4969-A025-B3F587F84341}.Debug|x64.Build.0 = Debug|x64
		{66EF4F0B-0692-4969-A025-B3F587F84341}.Debug|x86.ActiveCfg = Debug|Win32
		{66EF4F0B-0692-4969-A025-B3F587F84341}.Debug|x86.Build.0 = Debug|Win32
		{66EF4F0B-0692-4969-A025-B3F587F84341}.Release|x64.ActiveCfg = Release|x64
		{66EF4F0B-0692-4969-A025-B3F587F84341}.Release|x64.Build.0 = Release|x64
		{66EF4F0B-0692-4969-A025-B3F587F84341}.Release|x86.ActiveCfg = Release|Win32
		{66EF4F0B-0692-4969-A025-B3F587F84341}.Release|x86.Build.0 = Release|Win32
		{64D6ABD5-F944-456A-A50F-0CB8251BAEFC}.Debug|x64.ActiveCfg = Debug|x64
		{64D6ABD5-F944-456A-A50F-0CB8251BAEFC}.Debug|x64.Build.0 = Debug|x64
		{64D6ABD5-F944-456A-A50F-0CB8251BAEFC}.Debug|x86.ActiveCfg = Debug|Win32
		{64D6ABD5-F944-456A-A50F-0CB8251BAEFC}.Debug|x86.Build.0 = Debug|Win32
		{64D6ABD5-F944-456A-A50F-0CB8251BAEFC}.Release|x64.ActiveCfg = Release|x64
		{64D6ABD5-F944-456A-A50F-0CB8251BAEFC}.Release|x64.Build.0 = Release|x64
		{64D6ABD5-F944-456A-A50F-0CB8251BAEFC}.Release|x86.ActiveCfg = Release|Win32
		{64D6ABD5-F944-456A-A50F-0CB8251BAEFC}.Release|x86.Build.0 = Release|Win32
		{D093DE23-358D-4180-934B-8E50DFC65631}.Debug|x64.ActiveCfg = Debug|x64
		{D093DE23-358D-4180-934B-8E50DFC65631}.Debug|x64.Build.0 = Debug|x64
		{D093DE23-358D-4180-934B-8E50DFC65631}.Debug|x86.ActiveCfg = Debug|Win32
		{D093DE23-358D-4180-934B-8E50DFC65631}.Debug|x86.Build.0 = Debug|Win32
		{D093DE23-358D-4180-934B-8E50DFC65631}.Release|x64.ActiveCfg = Release|x64
		{D093DE23-358D-4180-934B-8E50DFC65631}.Release|x64.Build.0 = Release|x64
		{D093DE23-358D-4180-934B-8E50DFC65631}.Release|x86.ActiveCfg = Release|Win32
		{D093DE23-358D-4180-934B-8E50DFC65631}.Release|x86.Build.0 = Release|Win32
		{B695D2C0-E291-4011-B588-28F14988FE7A}.Debug|x64.ActiveCfg = Debug|x64
		{B695D2C0-E291-4011-B588-28F14988FE7A}.Debug|x64.Build.0 = Debug|x64
		{B695D2C0-E291-4011-B588-28F14988FE7A}.Debug|x86.ActiveCfg = Debug|Win32
		{B695D2C0-E291-4011-B588-28F14988FE7A}.Debug|x86.Build.0 = Debug|Win32
		{B695D2C0-E291-4011-B588-28F14988FE7A}.Release|x64.ActiveCfg = Release|x64
		{B695D2C0-E291-4011-B588-28F14988FE7A}.Release|x64.Build.0 = Release|x64
		{B695D2C0-E291-4011-B588-28F14988FE7A}.Release|x86.ActiveCfg = Release|Win32
		{B695D2C0-E291-4011-B588-28F14988FE7A}.Release|x86.Build.0 = Release|Win32
	EndGlobalSection
	GlobalSection(SolutionProperties) = preSolution
		HideSolutionNode = FALSE
	EndGlobalSection
	GlobalSection(ExtensibilityGlobals) = postSolution
		SolutionGuid = {4197F28E-4548-4410-AEDC-934EFFCC861E}
	EndGlobalSection
EndGlobal
